
Microsoft Visual Studio Solution File, Format Version 12.00
# Visual Studio Version 17
VisualStudioVersion = 17.14.37411.7 d17.14
MinimumVisualStudioVersion = 10.0.40219.1
Project("{FAE04EC0-301F-11D3-BF4B-00C04F79EFBC}") = "PPTDotNetCoreTraining", "PPTDotNetCoreTraining\PPTDotNetCoreTraining.csproj", "{1D28A6E6-3254-4AA5-9E3F-41F59B5EB3AA}"
EndProject
Project("{2150E333-8FDC-42A3-9474-1A3956D46DE8}") = "Documents", "Documents", "{02EA681E-C7D8-13C7-8484-4AC65E1B71E8}"
	ProjectSection(SolutionItems) = preProject
		README.md = README.md
	EndProjectSection
EndProject
Global
	GlobalSection(SolutionConfigurationPlatforms) = preSolution
		Debug|Any CPU = Debug|Any CPU
		Release|Any CPU = Release|Any CPU
	EndGlobalSection
	GlobalSection(ProjectConfigurationPlatforms) = postSolution
		{1D28A6E6-3254-4AA5-9E3F-41F59B5EB3AA}.Debug|Any CPU.ActiveCfg = Debug|Any CPU
		{1D28A6E6-3254-4AA5-9E3F-41F59B5EB3AA}.Debug|Any CPU.Build.0 = Debug|Any CPU
		{1D28A6E6-3254-4AA5-9E3F-41F59B5EB3AA}.Release|Any CPU.ActiveCfg = Release|Any CPU
		{1D28A6E6-3254-4AA5-9E3F-41F59B5EB3AA}.Release|Any CPU.Build.0 = Release|Any CPU
	EndGlobalSection
	GlobalSection(SolutionProperties) = preSolution
		HideSolutionNode = FALSE
	EndGlobalSection
	GlobalSection(ExtensibilityGlobals) = postSolution
		SolutionGuid = {B41500A7-C2FF-4760-A643-06A6F3B05A57}
	EndGlobalSection
EndGlobal
